<?xml version="1.0" encoding="utf-8"?>
<Project ToolsVersion="4.0" xmlns="http://schemas.microsoft.com/developer/msbuild/2003">
  <ItemGroup>
    <Filter Include="Resource Files">
      <UniqueIdentifier>{67DA6AB6-F800-4c08-8B7A-83BB121AAD01}</UniqueIdentifier>
      <Extensions>qrc;rc;ico;cur;bmp;dlg;rc2;rct;bin;rgs;gif;jpg;jpeg;jpe;resx;tiff;tif;png;wav;mfcribbon-ms</Extensions>
    </Filter>
    <Filter Include="Source">
      <UniqueIdentifier>{4FC737F1-C7A5-4376-A066-2A32D752A2FF}</UniqueIdentifier>
      <Extensions>qml;cpp;c;cc;cxx;def;odl;idl;hpj;bat;asm;asmx</Extensions>
    </Filter>
    <Filter Include="Source\Network">
      <UniqueIdentifier>{ac3fc055-3b39-4b96-b4c8-54b2c54be801}</UniqueIdentifier>
    </Filter>
    <Filter Include="Source\Network\Packet">
      <UniqueIdentifier>{6c416f00-f19c-4d6f-9903-34d9517bc50c}</UniqueIdentifier>
    </Filter>
    <Filter Include="Source\Network\PacketHandler">
      <UniqueIdentifier>{644e6761-ab56-4c9a-8572-e415ec7e4d05}</UniqueIdentifier>
    </Filter>
    <Filter Include="Source\Network\PacketHandler\TrackerServerHandler">
      <UniqueIdentifier>{c9f8483d-4cd9-4d46-a1fe-4c23f6f5c84e}</UniqueIdentifier>
    </Filter>
    <Filter Include="Source\Network\PacketHandler\Packet">
      <UniqueIdentifier>{bedcad96-bf59-4e98-9999-b18c332da8ec}</UniqueIdentifier>
    </Filter>
    <Filter Include="Source\Network\PacketHandler\Packet\Receive">
      <UniqueIdentifier>{8c82ebdf-f637-4517-8616-f7c3de9b0917}</UniqueIdentifier>
    </Filter>
    <Filter Include="Source\Network\PacketHandler\Packet\Receive\Broadcast">
      <UniqueIdentifier>{1e184ff5-5d68-471f-927a-976f8c338b9b}</UniqueIdentifier>
    </Filter>
    <Filter Include="Source\Network\PacketHandler\Packet\Receive\Info">
      <UniqueIdentifier>{da32597b-a9b4-4f7d-bb1b-8bd72ff525f8}</UniqueIdentifier>
    </Filter>
    <Filter Include="Source\Network\PacketHandler\Packet\Receive\SensorData">
      <UniqueIdentifier>{d364f7e7-a7a5-484f-9f67-7c9a9a71b7ef}</UniqueIdentifier>
    </Filter>
    <Filter Include="Source\Network\PacketHandler\Packet\Send">
      <UniqueIdentifier>{7918271d-fe81-4bbc-8ab6-a88c2fec7361}</UniqueIdentifier>
    </Filter>
    <Filter Include="Source\Network\PacketHandler\Packet\Send\Info">
      <UniqueIdentifier>{7bba03d4-3a44-430b-b6d9-ece1425a47a0}</UniqueIdentifier>
    </Filter>
    <Filter Include="Source\Network\PacketHandler\Packet\Send\Broadcast">
      <UniqueIdentifier>{18cf1b1f-7d29-4822-822b-353cbe408d37}</UniqueIdentifier>
    </Filter>
    <Filter Include="Source\Network\Session">
      <UniqueIdentifier>{04e2b356-2ab5-4d5e-b0fb-d740617b0af1}</UniqueIdentifier>
    </Filter>
    <Filter Include="Source\Network\Server">
      <UniqueIdentifier>{7ca5088c-4d5e-4208-9b8f-5ca4c9cbc911}</UniqueIdentifier>
    </Filter>
    <Filter Include="Source\Network\Server\TrackerServer">
      <UniqueIdentifier>{0846e0eb-6928-4875-8a6e-b3a0a19fecca}</UniqueIdentifier>
    </Filter>
    <Filter Include="Source\Data">
      <UniqueIdentifier>{24a4d8cf-a6c8-467d-9211-0cd9a44e9b84}</UniqueIdentifier>
    </Filter>
    <Filter Include="Source\Data\Tracker">
      <UniqueIdentifier>{be179dbb-ef46-4e4d-80b0-853be876fd2b}</UniqueIdentifier>
    </Filter>
    <Filter Include="Source\UI">
      <UniqueIdentifier>{af3a54ce-453d-4ea0-a8d9-a85bbab0d83f}</UniqueIdentifier>
    </Filter>
    <Filter Include="Source\SideTasks">
      <UniqueIdentifier>{d6f6ee94-f26f-4b7c-9f15-7eff0a0a8fc3}</UniqueIdentifier>
    </Filter>
    <Filter Include="Source\VRDriver">
      <UniqueIdentifier>{8f6b6b34-f4bd-4167-ae26-65d002cd7641}</UniqueIdentifier>
    </Filter>
    <Filter Include="Source\VRDriver\MessageHandler">
      <UniqueIdentifier>{78707d35-368b-44ed-9108-2092c982ae0b}</UniqueIdentifier>
    </Filter>
    <Filter Include="Source\VRDriver\Messages">
      <UniqueIdentifier>{f81c1240-b6ce-4fd5-8b91-d7b44ad60782}</UniqueIdentifier>
    </Filter>
  </ItemGroup>
  <ItemGroup>
    <ClCompile Include="main.cpp">
      <Filter>Source</Filter>
    </ClCompile>
    <QtRcc Include="qml.qrc">
      <Filter>Resource Files</Filter>
    </QtRcc>
    <ClCompile Include="TrackerSession.cpp">
      <Filter>Source\Network\Session</Filter>
    </ClCompile>
    <ClCompile Include="TrackerPacketHandler.cpp">
      <Filter>Source\Network\PacketHandler\TrackerServerHandler</Filter>
    </ClCompile>
    <ClCompile Include="TrackerServer.cpp">
      <Filter>Source\Network\Server\TrackerServer</Filter>
    </ClCompile>
    <ClCompile Include="Tracker.cpp">
      <Filter>Source\Data\Tracker</Filter>
    </ClCompile>
    <ClCompile Include="Broadcast.cpp">
      <Filter>Source\Network\PacketHandler\Packet\Receive\Broadcast</Filter>
    </ClCompile>
    <ClCompile Include="Info.cpp">
      <Filter>Source\Network\PacketHandler\Packet\Receive\Info</Filter>
    </ClCompile>
    <ClCompile Include="InfoSend.cpp">
      <Filter>Source\Network\PacketHandler\Packet\Send\Info</Filter>
    </ClCompile>
    <ClCompile Include="BroadcastSend.cpp">
      <Filter>Source\Network\PacketHandler\Packet\Send\Broadcast</Filter>
    </ClCompile>
    <ClCompile Include="Gui.cpp">
      <Filter>Source\UI</Filter>
    </ClCompile>
    <ClCompile Include="SideTasks.cpp">
      <Filter>Source\SideTasks</Filter>
    </ClCompile>
    <ClCompile Include="SideTasksController.cpp">
      <Filter>Source\SideTasks</Filter>
    </ClCompile>
    <ClCompile Include="SensorData.cpp">
      <Filter>Source\Network\PacketHandler\Packet\Receive\SensorData</Filter>
    </ClCompile>
    <ClCompile Include="MessageHandler.cpp">
      <Filter>Source\VRDriver\MessageHandler</Filter>
    </ClCompile>
    <ClCompile Include="Messages.cpp">
      <Filter>Source\VRDriver\Messages</Filter>
    </ClCompile>
  </ItemGroup>
  <ItemGroup>
    <ClInclude Include="Defines.h">
      <Filter>Source</Filter>
    </ClInclude>
    <ClInclude Include="TrackerPacket.h">
      <Filter>Source\Network\Packet</Filter>
    </ClInclude>
    <ClInclude Include="BasePacketHandler.h">
      <Filter>Source\Network\PacketHandler</Filter>
    </ClInclude>
    <ClInclude Include="TrackerSession.h">
      <Filter>Source\Network\Session</Filter>
    </ClInclude>
    <ClInclude Include="TrackerPacketHandler.h">
      <Filter>Source\Network\PacketHandler\TrackerServerHandler</Filter>
    </ClInclude>
    <ClInclude Include="BaseServer.h">
      <Filter>Source\Network\Server</Filter>
    </ClInclude>
    <ClInclude Include="NetworkId.h">
      <Filter>Source\Network\Session</Filter>
    </ClInclude>
    <ClInclude Include="TrackerServer.h">
      <Filter>Source\Network\Server\TrackerServer</Filter>
    </ClInclude>
    <ClInclude Include="Tracker.h">
      <Filter>Source\Data\Tracker</Filter>
    </ClInclude>
    <ClInclude Include="Broadcast.h">
      <Filter>Source\Network\PacketHandler\Packet\Receive\Broadcast</Filter>
    </ClInclude>
    <ClInclude Include="Info.h">
      <Filter>Source\Network\PacketHandler\Packet\Receive\Info</Filter>
    </ClInclude>
    <ClInclude Include="InfoSend.h">
      <Filter>Source\Network\PacketHandler\Packet\Send\Info</Filter>
    </ClInclude>
    <ClInclude Include="BroadcastSend.h">
      <Filter>Source\Network\PacketHandler\Packet\Send\Broadcast</Filter>
    </ClInclude>
    <ClInclude Include="SensorData.h">
      <Filter>Source\Network\PacketHandler\Packet\Receive\SensorData</Filter>
    </ClInclude>
    <ClInclude Include="MessageHandler.h">
      <Filter>Source\VRDriver\MessageHandler</Filter>
    </ClInclude>
    <ClInclude Include="Messages.h">
      <Filter>Source\VRDriver\Messages</Filter>
    </ClInclude>
  </ItemGroup>
  <ItemGroup>
    <QtMoc Include="Gui.h">
      <Filter>Source\UI</Filter>
    </QtMoc>
    <QtMoc Include="SideTasks.h">
      <Filter>Source\SideTasks</Filter>
    </QtMoc>
    <QtMoc Include="SideTasksController.h">
      <Filter>Source\SideTasks</Filter>
    </QtMoc>
  </ItemGroup>
  <ItemGroup>
    <None Include="main.qml">
      <Filter>Source\UI</Filter>
    </None>
  </ItemGroup>
</Project>