<?xml version="1.0" encoding="utf-8"?>
<Project ToolsVersion="4.0" xmlns="http://schemas.microsoft.com/developer/msbuild/2003">
  <ItemGroup>
    <Filter Include="Source Files">
      <UniqueIdentifier>{4FC737F1-C7A5-4376-A066-2A32D752A2FF}</UniqueIdentifier>
      <Extensions>qml;cpp;c;cc;cxx;def;odl;idl;hpj;bat;asm;asmx</Extensions>
    </Filter>
    <Filter Include="Header Files">
      <UniqueIdentifier>{93995380-89BD-4b04-88EB-625FBE52EBFB}</UniqueIdentifier>
      <Extensions>h;hh;hpp;hxx;hm;inl;inc;xsd</Extensions>
    </Filter>
    <Filter Include="Resource Files">
      <UniqueIdentifier>{67DA6AB6-F800-4c08-8B7A-83BB121AAD01}</UniqueIdentifier>
      <Extensions>qrc;rc;ico;cur;bmp;dlg;rc2;rct;bin;rgs;gif;jpg;jpeg;jpe;resx;tiff;tif;png;wav;mfcribbon-ms</Extensions>
    </Filter>
    <Filter Include="Translation Files">
      <UniqueIdentifier>{639EADAA-A684-42e4-A9AD-28FC9BCB8F7C}</UniqueIdentifier>
      <Extensions>ts</Extensions>
    </Filter>
    <Filter Include="Source Files\Server">
      <UniqueIdentifier>{69b176f4-8d2e-4e37-94fc-fea253a711d3}</UniqueIdentifier>
    </Filter>
    <Filter Include="Source Files\Network">
      <UniqueIdentifier>{ac3fc055-3b39-4b96-b4c8-54b2c54be801}</UniqueIdentifier>
    </Filter>
    <Filter Include="Source Files\Network\Packet">
      <UniqueIdentifier>{6c416f00-f19c-4d6f-9903-34d9517bc50c}</UniqueIdentifier>
    </Filter>
    <Filter Include="Source Files\Network\PacketHandler">
      <UniqueIdentifier>{644e6761-ab56-4c9a-8572-e415ec7e4d05}</UniqueIdentifier>
    </Filter>
    <Filter Include="Source Files\Utils">
      <UniqueIdentifier>{c0a55645-aa85-48b0-a572-fc44a3d2feb3}</UniqueIdentifier>
    </Filter>
    <Filter Include="Source Files\Utils\Mutex">
      <UniqueIdentifier>{ec315881-c466-4a33-9fde-c99703df1780}</UniqueIdentifier>
    </Filter>
    <Filter Include="Source Files\Utils\ThreadPool">
      <UniqueIdentifier>{a5efd230-502a-4b9b-af7a-fd4bbd2d1ff9}</UniqueIdentifier>
    </Filter>
    <Filter Include="Source Files\Utils\Logger">
      <UniqueIdentifier>{b2ec0cd7-2cb2-4234-bcad-d36fc4613c6f}</UniqueIdentifier>
    </Filter>
    <Filter Include="Source Files\Utils\Packet">
      <UniqueIdentifier>{4b4c3fbe-6fdd-494b-b421-a14d30944df2}</UniqueIdentifier>
    </Filter>
    <Filter Include="Source Files\Network\Session">
      <UniqueIdentifier>{04e2b356-2ab5-4d5e-b0fb-d740617b0af1}</UniqueIdentifier>
    </Filter>
    <Filter Include="Source Files\Network\PacketHandler\TrackerServerHandler">
      <UniqueIdentifier>{c9f8483d-4cd9-4d46-a1fe-4c23f6f5c84e}</UniqueIdentifier>
    </Filter>
    <Filter Include="Source Files\Utils\Timer">
      <UniqueIdentifier>{5200912e-05e9-4332-82ce-5a53f570ffbf}</UniqueIdentifier>
    </Filter>
    <Filter Include="Source Files\Network\Server">
      <UniqueIdentifier>{7ca5088c-4d5e-4208-9b8f-5ca4c9cbc911}</UniqueIdentifier>
    </Filter>
    <Filter Include="Source Files\Network\Server\TrackerServer">
      <UniqueIdentifier>{0846e0eb-6928-4875-8a6e-b3a0a19fecca}</UniqueIdentifier>
    </Filter>
  </ItemGroup>
  <ItemGroup>
    <ClCompile Include="main.cpp">
      <Filter>Source Files</Filter>
    </ClCompile>
    <QtRcc Include="qml.qrc">
      <Filter>Resource Files</Filter>
    </QtRcc>
    <None Include="main.qml">
      <Filter>Source Files</Filter>
    </None>
    <ClCompile Include="ThreadPool.cpp">
      <Filter>Source Files\Utils\ThreadPool</Filter>
    </ClCompile>
    <ClCompile Include="Logger.cpp">
      <Filter>Source Files\Utils\Logger</Filter>
    </ClCompile>
    <ClCompile Include="TrackerSession.cpp">
      <Filter>Source Files\Network\Session</Filter>
    </ClCompile>
    <ClCompile Include="TrackerPacketHandler.cpp">
      <Filter>Source Files\Network\PacketHandler\TrackerServerHandler</Filter>
    </ClCompile>
    <ClCompile Include="Timer.cpp">
      <Filter>Source Files\Utils\Timer</Filter>
    </ClCompile>
    <ClCompile Include="CUDPServer.cpp">
      <Filter>Source Files\Server</Filter>
    </ClCompile>
    <ClCompile Include="TrackerServer.cpp">
      <Filter>Source Files\Network\Server\TrackerServer</Filter>
    </ClCompile>
  </ItemGroup>
  <ItemGroup>
    <ClInclude Include="Defines.h">
      <Filter>Source Files</Filter>
    </ClInclude>
    <ClInclude Include="PacketBase.h">
      <Filter>Source Files\Network\Packet</Filter>
    </ClInclude>
    <ClInclude Include="TrackerPacket.h">
      <Filter>Source Files\Network\Packet</Filter>
    </ClInclude>
    <ClInclude Include="BasePacketHandler.h">
      <Filter>Source Files\Network\PacketHandler</Filter>
    </ClInclude>
    <ClInclude Include="SafeQueue.h">
      <Filter>Source Files\Utils</Filter>
    </ClInclude>
    <ClInclude Include="Global.h">
      <Filter>Source Files</Filter>
    </ClInclude>
    <ClInclude Include="GlobalExceptionUtils.h">
      <Filter>Source Files</Filter>
    </ClInclude>
    <ClInclude Include="LockGuard.h">
      <Filter>Source Files\Utils\Mutex</Filter>
    </ClInclude>
    <ClInclude Include="MutexVector.h">
      <Filter>Source Files\Utils\Mutex</Filter>
    </ClInclude>
    <ClInclude Include="Mutex.h">
      <Filter>Source Files\Utils\Mutex</Filter>
    </ClInclude>
    <ClInclude Include="ThreadPool.h">
      <Filter>Source Files\Utils\ThreadPool</Filter>
    </ClInclude>
    <ClInclude Include="Logger.h">
      <Filter>Source Files\Utils\Logger</Filter>
    </ClInclude>
    <ClInclude Include="Singleton.h">
      <Filter>Source Files\Utils</Filter>
    </ClInclude>
    <ClInclude Include="NetworkPacket.h">
      <Filter>Source Files\Utils\Packet</Filter>
    </ClInclude>
    <ClInclude Include="TrackerSession.h">
      <Filter>Source Files\Network\Session</Filter>
    </ClInclude>
    <ClInclude Include="TrackerPacketHandler.h">
      <Filter>Source Files\Network\PacketHandler\TrackerServerHandler</Filter>
    </ClInclude>
    <ClInclude Include="Timer.h">
      <Filter>Source Files\Utils\Timer</Filter>
    </ClInclude>
    <ClInclude Include="StringUtils.h">
      <Filter>Source Files\Utils</Filter>
    </ClInclude>
    <ClInclude Include="BaseServer.h">
      <Filter>Source Files\Network\Server</Filter>
    </ClInclude>
    <ClInclude Include="NetworkId.h">
      <Filter>Source Files\Network\Session</Filter>
    </ClInclude>
    <ClInclude Include="TrackerServer.h">
      <Filter>Source Files\Network\Server\TrackerServer</Filter>
    </ClInclude>
  </ItemGroup>
  <ItemGroup>
    <QtMoc Include="CUDPServer.h">
      <Filter>Source Files\Server</Filter>
    </QtMoc>
  </ItemGroup>
</Project>