<?xml version="1.0" encoding="utf-8"?>
<Project ToolsVersion="4.0" xmlns="http://schemas.microsoft.com/developer/msbuild/2003">
  <ItemGroup>
    <Filter Include="Ressourcendateien">
      <UniqueIdentifier>{67DA6AB6-F800-4c08-8B7A-83BB121AAD01}</UniqueIdentifier>
      <Extensions>rc;ico;cur;bmp;dlg;rc2;rct;bin;rgs;gif;jpg;jpeg;jpe;resx;tiff;tif;png;wav;mfcribbon-ms</Extensions>
    </Filter>
    <Filter Include="Source">
      <UniqueIdentifier>{0f749bac-5a13-493b-81fa-5091a43f2bc9}</UniqueIdentifier>
    </Filter>
    <Filter Include="Source\Utils">
      <UniqueIdentifier>{f617ea73-6782-4c0b-8925-8698391a2fed}</UniqueIdentifier>
    </Filter>
    <Filter Include="Source\Utils\AttitudeEestimator">
      <UniqueIdentifier>{9b1ac619-821c-47c8-9428-6f2445a079b5}</UniqueIdentifier>
    </Filter>
    <Filter Include="Source\ProtoBuf">
      <UniqueIdentifier>{da63d3b3-96f8-430b-90e1-8e4b8b51642d}</UniqueIdentifier>
    </Filter>
    <Filter Include="Source\VRDriver">
      <UniqueIdentifier>{78e24e79-8f39-478b-be44-a99df74fff41}</UniqueIdentifier>
    </Filter>
  </ItemGroup>
  <ItemGroup>
    <ClInclude Include="AttitudeEestimator.h">
      <Filter>Source\Utils\AttitudeEestimator</Filter>
    </ClInclude>
    <ClInclude Include="PacketBase.h">
      <Filter>Source\Utils</Filter>
    </ClInclude>
    <ClInclude Include="ProtobufMessages.pb.h">
      <Filter>Source\ProtoBuf</Filter>
    </ClInclude>
    <ClInclude Include="Bridge.h">
      <Filter>Source\VRDriver</Filter>
    </ClInclude>
  </ItemGroup>
  <ItemGroup>
    <ClCompile Include="AttitudeEestimator.cpp">
      <Filter>Source\Utils\AttitudeEestimator</Filter>
    </ClCompile>
    <ClCompile Include="ProtobufMessages.pb.cc">
      <Filter>Source\ProtoBuf</Filter>
    </ClCompile>
    <ClCompile Include="Bridge.cpp">
      <Filter>Source\VRDriver</Filter>
    </ClCompile>
  </ItemGroup>
  <ItemGroup>
    <None Include="ProtobufMessages.proto">
      <Filter>Source\ProtoBuf</Filter>
    </None>
  </ItemGroup>
</Project>